
Microsoft Visual Studio Solution File, Format Version 12.00
# Visual Studio 15
Project("{FAE04EC0-301F-11D3-BF4B-00C04F79EFBC}") = "VR Sberbank", "VR Sberbank.csproj", "{095F2A6C-AD39-01B5-D671-FC2D746139C7}"
EndProject
Project("{FAE04EC0-301F-11D3-BF4B-00C04F79EFBC}") = "VR Sberbank.Editor", "VR Sberbank.Editor.csproj", "{37946F72-F3E9-2D3B-02EE-381E0D1519A4}"
EndProject
Global
	GlobalSection(SolutionConfigurationPlatforms) = preSolution
		Debug|Any CPU = Debug|Any CPU
		Release|Any CPU = Release|Any CPU
	EndGlobalSection
	GlobalSection(ProjectConfigurationPlatforms) = postSolution
		{095F2A6C-AD39-01B5-D671-FC2D746139C7}.Debug|Any CPU.ActiveCfg = Debug|Any CPU
		{095F2A6C-AD39-01B5-D671-FC2D746139C7}.Debug|Any CPU.Build.0 = Debug|Any CPU
		{095F2A6C-AD39-01B5-D671-FC2D746139C7}.Release|Any CPU.ActiveCfg = Release|Any CPU
		{095F2A6C-AD39-01B5-D671-FC2D746139C7}.Release|Any CPU.Build.0 = Release|Any CPU
		{37946F72-F3E9-2D3B-02EE-381E0D1519A4}.Debug|Any CPU.ActiveCfg = Debug|Any CPU
		{37946F72-F3E9-2D3B-02EE-381E0D1519A4}.Debug|Any CPU.Build.0 = Debug|Any CPU
		{37946F72-F3E9-2D3B-02EE-381E0D1519A4}.Release|Any CPU.ActiveCfg = Release|Any CPU
		{37946F72-F3E9-2D3B-02EE-381E0D1519A4}.Release|Any CPU.Build.0 = Release|Any CPU
	EndGlobalSection
	GlobalSection(SolutionProperties) = preSolution
		HideSolutionNode = FALSE
	EndGlobalSection
EndGlobal
